
Microsoft Visual Studio Solution File, Format Version 12.00
# Visual Studio Version 17
VisualStudioVersion = 17.1.32210.238
MinimumVisualStudioVersion = 10.0.40219.1
Project("{FAE04EC0-301F-11D3-BF4B-00C04F79EFBC}") = "ObjectOrientedPractics", "ObjectOrientedPractics\ObjectOrientedPractics.csproj", "{D73D5DFD-1E99-4FB7-9D2C-CC2C7EA99A9A}"
EndProject
Global
	GlobalSection(SolutionConfigurationPlatforms) = preSolution
		Debug|Any CPU = Debug|Any CPU
		Release|Any CPU = Release|Any CPU
	EndGlobalSection
	GlobalSection(ProjectConfigurationPlatforms) = postSolution
		{D73D5DFD-1E99-4FB7-9D2C-CC2C7EA99A9A}.Debug|Any CPU.ActiveCfg = Debug|Any CPU
		{D73D5DFD-1E99-4FB7-9D2C-CC2C7EA99A9A}.Debug|Any CPU.Build.0 = Debug|Any CPU
		{D73D5DFD-1E99-4FB7-9D2C-CC2C7EA99A9A}.Release|Any CPU.ActiveCfg = Release|Any CPU
		{D73D5DFD-1E99-4FB7-9D2C-CC2C7EA99A9A}.Release|Any CPU.Build.0 = Release|Any CPU
	EndGlobalSection
	GlobalSection(SolutionProperties) = preSolution
		HideSolutionNode = FALSE
	EndGlobalSection
	GlobalSection(ExtensibilityGlobals) = postSolution
		SolutionGuid = {9331C34C-F3B9-4EEB-A10D-397094CD96BE}
	EndGlobalSection
EndGlobal
